
Microsoft Visual Studio Solution File, Format Version 12.00
# Visual Studio Version 17
VisualStudioVersion = 17.1.32210.238
MinimumVisualStudioVersion = 10.0.40219.1
Project("{9A19103F-16F7-4668-BE54-9A1E7A4F7556}") = "DONT TAP", "donttapNewDesign\DONT TAP.csproj", "{C7CCCDAC-B229-4BB6-9F84-B1633260B6DC}"
EndProject
Project("{54435603-DBB4-11D2-8724-00A0C9A8B90C}") = "Setup1", "Setup1\Setup1.vdproj", "{D6E4BA97-0859-4E48-9BE6-72BA77B37E84}"
EndProject
Project("{54435603-DBB4-11D2-8724-00A0C9A8B90C}") = "SetupHomePC", "SetupHomePC\SetupHomePC.vdproj", "{97A5D155-EC97-411F-82C8-AE17E4D9A048}"
EndProject
Global
	GlobalSection(SolutionConfigurationPlatforms) = preSolution
		All|Any CPU = All|Any CPU
		Debug|Any CPU = Debug|Any CPU
		Release|Any CPU = Release|Any CPU
	EndGlobalSection
	GlobalSection(ProjectConfigurationPlatforms) = postSolution
		{C7CCCDAC-B229-4BB6-9F84-B1633260B6DC}.All|Any CPU.ActiveCfg = Release|Any CPU
		{C7CCCDAC-B229-4BB6-9F84-B1633260B6DC}.All|Any CPU.Build.0 = Release|Any CPU
		{C7CCCDAC-B229-4BB6-9F84-B1633260B6DC}.Debug|Any CPU.ActiveCfg = Debug|Any CPU
		{C7CCCDAC-B229-4BB6-9F84-B1633260B6DC}.Debug|Any CPU.Build.0 = Debug|Any CPU
		{C7CCCDAC-B229-4BB6-9F84-B1633260B6DC}.Release|Any CPU.ActiveCfg = Release|Any CPU
		{C7CCCDAC-B229-4BB6-9F84-B1633260B6DC}.Release|Any CPU.Build.0 = Release|Any CPU
		{D6E4BA97-0859-4E48-9BE6-72BA77B37E84}.All|Any CPU.ActiveCfg = Debug
		{D6E4BA97-0859-4E48-9BE6-72BA77B37E84}.Debug|Any CPU.ActiveCfg = Debug
		{D6E4BA97-0859-4E48-9BE6-72BA77B37E84}.Release|Any CPU.ActiveCfg = Release
		{97A5D155-EC97-411F-82C8-AE17E4D9A048}.All|Any CPU.ActiveCfg = Debug
		{97A5D155-EC97-411F-82C8-AE17E4D9A048}.Debug|Any CPU.ActiveCfg = Debug
		{97A5D155-EC97-411F-82C8-AE17E4D9A048}.Release|Any CPU.ActiveCfg = Release
	EndGlobalSection
	GlobalSection(SolutionProperties) = preSolution
		HideSolutionNode = FALSE
	EndGlobalSection
	GlobalSection(ExtensibilityGlobals) = postSolution
		SolutionGuid = {2B8768A3-1478-46E8-BC7C-F203A9765E43}
	EndGlobalSection
EndGlobal
